
Microsoft Visual Studio Solution File, Format Version 12.00
# Visual Studio Version 17
VisualStudioVersion = 17.9.34728.123
MinimumVisualStudioVersion = 10.0.40219.1
Project("{9A19103F-16F7-4668-BE54-9A1E7A4F7556}") = "Task1", "LabWork33\Task1.csproj", "{BEF8ACD4-01B3-4B44-9BF1-FDC3AF3D5BB4}"
EndProject
Project("{9A19103F-16F7-4668-BE54-9A1E7A4F7556}") = "Task2", "Task2\Task2.csproj", "{4673F502-0F8A-40B8-95A2-1E9EB9F83E67}"
EndProject
Project("{9A19103F-16F7-4668-BE54-9A1E7A4F7556}") = "Task3", "Task3\Task3.csproj", "{910244E6-AAD5-46F3-A6A5-F257C30B87F7}"
EndProject
Global
	GlobalSection(SolutionConfigurationPlatforms) = preSolution
		Debug|Any CPU = Debug|Any CPU
		Release|Any CPU = Release|Any CPU
	EndGlobalSection
	GlobalSection(ProjectConfigurationPlatforms) = postSolution
		{BEF8ACD4-01B3-4B44-9BF1-FDC3AF3D5BB4}.Debug|Any CPU.ActiveCfg = Debug|Any CPU
		{BEF8ACD4-01B3-4B44-9BF1-FDC3AF3D5BB4}.Debug|Any CPU.Build.0 = Debug|Any CPU
		{BEF8ACD4-01B3-4B44-9BF1-FDC3AF3D5BB4}.Release|Any CPU.ActiveCfg = Release|Any CPU
		{BEF8ACD4-01B3-4B44-9BF1-FDC3AF3D5BB4}.Release|Any CPU.Build.0 = Release|Any CPU
		{4673F502-0F8A-40B8-95A2-1E9EB9F83E67}.Debug|Any CPU.ActiveCfg = Debug|Any CPU
		{4673F502-0F8A-40B8-95A2-1E9EB9F83E67}.Debug|Any CPU.Build.0 = Debug|Any CPU
		{4673F502-0F8A-40B8-95A2-1E9EB9F83E67}.Release|Any CPU.ActiveCfg = Release|Any CPU
		{4673F502-0F8A-40B8-95A2-1E9EB9F83E67}.Release|Any CPU.Build.0 = Release|Any CPU
		{910244E6-AAD5-46F3-A6A5-F257C30B87F7}.Debug|Any CPU.ActiveCfg = Debug|Any CPU
		{910244E6-AAD5-46F3-A6A5-F257C30B87F7}.Debug|Any CPU.Build.0 = Debug|Any CPU
		{910244E6-AAD5-46F3-A6A5-F257C30B87F7}.Release|Any CPU.ActiveCfg = Release|Any CPU
		{910244E6-AAD5-46F3-A6A5-F257C30B87F7}.Release|Any CPU.Build.0 = Release|Any CPU
	EndGlobalSection
	GlobalSection(SolutionProperties) = preSolution
		HideSolutionNode = FALSE
	EndGlobalSection
	GlobalSection(ExtensibilityGlobals) = postSolution
		SolutionGuid = {AA665D17-1EE5-4622-9765-89CBA7FD9723}
	EndGlobalSection
EndGlobal
